Microsoft Visual Studio Solution File, Format Version 12.00
# Visual Studio Version 17
VisualStudioVersion = 17.14.36301.6 d17.14
MinimumVisualStudioVersion = 10.0.40219.1
Project("{8BC9CEB8-8B4A-11D0-8D11-00A0C91BC942}") = "SpatialPulse", "src\\SpatialPulse.vcxproj", "{56C809B3-73D5-4463-98E5-D5B66B3078F8}"
EndProject
Global
	GlobalSection(SolutionConfigurationPlatforms) = preSolution
		Debug|x64 = Debug|x64
		Debug|x86 = Debug|x86
		Release|x64 = Release|x64
		Release|x86 = Release|x86
	EndGlobalSection
	GlobalSection(ProjectConfigurationPlatforms) = postSolution
		{56C809B3-73D5-4463-98E5-D5B66B3078F8}.Debug|x64.ActiveCfg = Debug|x64
		{56C809B3-73D5-4463-98E5-D5B66B3078F8}.Debug|x64.Build.0 = Debug|x64
		{56C809B3-73D5-4463-98E5-D5B66B3078F8}.Debug|x86.ActiveCfg = Debug|Win32
		{56C809B3-73D5-4463-98E5-D5B66B3078F8}.Debug|x86.Build.0 = Debug|Win32
		{56C809B3-73D5-4463-98E5-D5B66B3078F8}.Release|x64.ActiveCfg = Release|x64
		{56C809B3-73D5-4463-98E5-D5B66B3078F8}.Release|x64.Build.0 = Release|x64
		{56C809B3-73D5-4463-98E5-D5B66B3078F8}.Release|x86.ActiveCfg = Release|Win32
		{56C809B3-73D5-4463-98E5-D5B66B3078F8}.Release|x86.Build.0 = Release|Win32
	EndGlobalSection
	GlobalSection(SolutionProperties) = preSolution
		HideSolutionNode = FALSE
	EndGlobalSection
	GlobalSection(ExtensibilityGlobals) = postSolution
		SolutionGuid = {882FE08F-0AFD-443E-AFCC-A612A93A26E2}
	EndGlobalSection
EndGlobal
